
Microsoft Visual Studio Solution File, Format Version 12.00
# Visual Studio 14
VisualStudioVersion = 14.0.25420.1
MinimumVisualStudioVersion = 10.0.40219.1
Project("{FAE04EC0-301F-11D3-BF4B-00C04F79EFBC}") = "VerifyId.Net", "VerifyId\VerifyId.Net.csproj", "{B2EA70C4-CE66-40D4-8B73-82482FBA6D89}"
EndProject
Project("{FAE04EC0-301F-11D3-BF4B-00C04F79EFBC}") = "VerifyId_Test", "VerifyId_Test\VerifyId_Test.csproj", "{B3813522-CF12-4CE6-A824-CB2F89431B4E}"
EndProject
Global
	GlobalSection(SolutionConfigurationPlatforms) = preSolution
		Debug|Any CPU = Debug|Any CPU
		Release|Any CPU = Release|Any CPU
	EndGlobalSection
	GlobalSection(ProjectConfigurationPlatforms) = postSolution
		{B2EA70C4-CE66-40D4-8B73-82482FBA6D89}.Debug|Any CPU.ActiveCfg = Debug|Any CPU
		{B2EA70C4-CE66-40D4-8B73-82482FBA6D89}.Debug|Any CPU.Build.0 = Debug|Any CPU
		{B2EA70C4-CE66-40D4-8B73-82482FBA6D89}.Release|Any CPU.ActiveCfg = Release|Any CPU
		{B2EA70C4-CE66-40D4-8B73-82482FBA6D89}.Release|Any CPU.Build.0 = Release|Any CPU
		{B3813522-CF12-4CE6-A824-CB2F89431B4E}.Debug|Any CPU.ActiveCfg = Debug|Any CPU
		{B3813522-CF12-4CE6-A824-CB2F89431B4E}.Debug|Any CPU.Build.0 = Debug|Any CPU
		{B3813522-CF12-4CE6-A824-CB2F89431B4E}.Release|Any CPU.ActiveCfg = Release|Any CPU
		{B3813522-CF12-4CE6-A824-CB2F89431B4E}.Release|Any CPU.Build.0 = Release|Any CPU
	EndGlobalSection
	GlobalSection(SolutionProperties) = preSolution
		HideSolutionNode = FALSE
	EndGlobalSection
EndGlobal
